{
  "version": 4,
  "terraform_version": "1.10.3",
  "serial": 2272,
  "lineage": "26f2650c-c12a-7690-b87b-8e2c9af42418",
  "outputs": {
    "api_gateway_invoke_url": {
      "value": "https://s5ge7oy690.execute-api.ap-southeast-1.amazonaws.com/prod",
      "type": "string"
    },
    "s3_bucket_name": {
      "value": "url-shortener20250109091839172000000001",
      "type": "string"
    },
    "simple_html_page_url": {
      "value": "http://url-shortener20250109091839172000000001.s3-website-ap-southeast-1.amazonaws.com",
      "type": "string"
    }
  },
  "resources": [
    {
      "mode": "data",
      "type": "aws_caller_identity",
      "name": "current",
      "provider": "provider[\"registry.terraform.io/hashicorp/aws\"]",
      "instances": [
        {
          "schema_version": 0,
          "attributes": {
            "account_id": "779846790259",
            "arn": "arn:aws:iam::779846790259:root",
            "id": "779846790259",
            "user_id": "779846790259"
          },
          "sensitive_attributes": []
        }
      ]
    },
    {
      "mode": "data",
      "type": "aws_region",
      "name": "current",
      "provider": "provider[\"registry.terraform.io/hashicorp/aws\"]",
      "instances": [
        {
          "schema_version": 0,
          "attributes": {
            "description": "Asia Pacific (Singapore)",
            "endpoint": "ec2.ap-southeast-1.amazonaws.com",
            "id": "ap-southeast-1",
            "name": "ap-southeast-1"
          },
          "sensitive_attributes": []
        }
      ]
    },
    {
      "mode": "data",
      "type": "template_file",
      "name": "index_html",
      "provider": "provider[\"registry.terraform.io/hashicorp/template\"]",
      "instances": [
        {
          "schema_version": 0,
          "attributes": {
            "filename": null,
            "id": "4d1f53c1bf0d6aeb5542a9b30133047ac4d3ef8326830f376027060162898665",
            "rendered": "\u003c!DOCTYPE html\u003e\n\u003chtml\u003e\n\u003chead\u003e\n    \u003ctitle\u003eURL Shortener\u003c/title\u003e\n    \u003cstyle\u003e\n        body {\n            font-family: Arial, sans-serif;\n            max-width: 800px;\n            margin: 0 auto;\n            padding: 20px;\n            line-height: 1.6;\n        }\n        .container {\n            background-color: #f9f9f9;\n            padding: 20px;\n            border-radius: 8px;\n            box-shadow: 0 2px 4px rgba(0,0,0,0.1);\n        }\n        .form-group {\n            margin-bottom: 15px;\n        }\n        label {\n            display: block;\n            margin-bottom: 5px;\n            font-weight: bold;\n        }\n        input[type=\"url\"], input[type=\"text\"] {\n            width: 100%;\n            padding: 8px;\n            border: 1px solid #ddd;\n            border-radius: 4px;\n            box-sizing: border-box;\n        }\n        button {\n            background-color: #007bff;\n            color: white;\n            padding: 10px 20px;\n            border: none;\n            border-radius: 4px;\n            cursor: pointer;\n        }\n        button:hover {\n            background-color: #0056b3;\n        }\n        #result {\n            margin-top: 20px;\n            padding: 15px;\n            background-color: #fff;\n            border: 1px solid #ddd;\n            border-radius: 4px;\n        }\n        .error {\n            color: #dc3545;\n            background-color: #f8d7da;\n            border-color: #f5c6cb;\n        }\n        .success {\n            color: #28a745;\n            background-color: #d4edda;\n            border-color: #c3e6cb;\n        }\n    \u003c/style\u003e\n\u003c/head\u003e\n\u003cbody\u003e\n    \u003cdiv class=\"container\"\u003e\n        \u003ch1\u003eURL Shortener\u003c/h1\u003e\n        \u003cdiv class=\"form-group\"\u003e\n            \u003clabel for=\"longUrl\"\u003eLong URL:\u003c/label\u003e\n            \u003cinput type=\"url\" id=\"longUrl\" placeholder=\"https://example.com\" required\u003e\n        \u003c/div\u003e\n        \u003cdiv class=\"form-group\"\u003e\n            \u003clabel for=\"suffix\"\u003eCustom Suffix (optional):\u003c/label\u003e\n            \u003cinput type=\"text\" id=\"suffix\" placeholder=\"e.g., my-link\"\u003e\n        \u003c/div\u003e\n        \u003cbutton onclick=\"createShortUrl()\"\u003eCreate Short URL\u003c/button\u003e\n        \u003cdiv id=\"result\"\u003e\u003c/div\u003e\n    \u003c/div\u003e\n\n    \u003cscript\u003e\n\n        async function createShortUrl() {\n            const resultDiv = document.getElementById(\"result\");\n            const url = document.getElementById(\"longUrl\").value;\n            const suffix = document.getElementById(\"suffix\").value;\n\n            if (!url.trim()) {\n                resultDiv.className = \"error\";\n                resultDiv.textContent = \"Please enter a valid URL\";\n                return;\n            }\n            let body = { url }\n            if (suffix.trim()) {\n                body.suffix = suffix\n            }\n            console.log({ body })\n\n            try {\n                resultDiv.textContent = \"Creating short URL...\";\n                const response = await fetch(\"https://s5ge7oy690.execute-api.ap-southeast-1.amazonaws.com/prod/create\", {\n                    method: \"POST\",\n                    headers: {\n                        \"Content-Type\": \"application/json\"\n                    },\n                    body: JSON.stringify(body)\n                });\n\n                const data = await response.json();\n                console.log({ data })\n                const shortUrlSuffix = data.short_url\n                \n                if (response.ok) {\n                    resultDiv.className = \"success\";\n                    const shortUrl = \"https://s5ge7oy690.execute-api.ap-southeast-1.amazonaws.com/prod\" + \"/\" + shortUrlSuffix;\n                    resultDiv.innerHTML = `\n                        \u003cstrong\u003eSuccess!\u003c/strong\u003e\u003cbr\u003e\n                        Short URL: \u003ca href=\"` + shortUrl + `\" target=\"_blank\"\u003e` + shortUrl + `\u003c/a\u003e\n                    `;\n                } else {\n                    resultDiv.className = \"error\";\n                    const errorMsg = data.error\n                    resultDiv.textContent = \"Error: \" + errorMsg;\n                }\n            } catch (error) {\n                resultDiv.className = \"error\";\n                resultDiv.textContent = \"Error: \" + error.message;\n            }\n        }\n\n        // Add enter key support\n        document.getElementById(\"longUrl\").addEventListener(\"keypress\", function(e) {\n            if (e.key === \"Enter\") {\n                createShortUrl();\n            }\n        });\n\n        document.getElementById(\"suffix\").addEventListener(\"keypress\", function(e) {\n            if (e.key === \"Enter\") {\n                createShortUrl();\n            }\n        });\n    \u003c/script\u003e\n\u003c/body\u003e\n\u003c/html\u003e",
            "template": "\u003c!DOCTYPE html\u003e\n\u003chtml\u003e\n\u003chead\u003e\n    \u003ctitle\u003eURL Shortener\u003c/title\u003e\n    \u003cstyle\u003e\n        body {\n            font-family: Arial, sans-serif;\n            max-width: 800px;\n            margin: 0 auto;\n            padding: 20px;\n            line-height: 1.6;\n        }\n        .container {\n            background-color: #f9f9f9;\n            padding: 20px;\n            border-radius: 8px;\n            box-shadow: 0 2px 4px rgba(0,0,0,0.1);\n        }\n        .form-group {\n            margin-bottom: 15px;\n        }\n        label {\n            display: block;\n            margin-bottom: 5px;\n            font-weight: bold;\n        }\n        input[type=\"url\"], input[type=\"text\"] {\n            width: 100%;\n            padding: 8px;\n            border: 1px solid #ddd;\n            border-radius: 4px;\n            box-sizing: border-box;\n        }\n        button {\n            background-color: #007bff;\n            color: white;\n            padding: 10px 20px;\n            border: none;\n            border-radius: 4px;\n            cursor: pointer;\n        }\n        button:hover {\n            background-color: #0056b3;\n        }\n        #result {\n            margin-top: 20px;\n            padding: 15px;\n            background-color: #fff;\n            border: 1px solid #ddd;\n            border-radius: 4px;\n        }\n        .error {\n            color: #dc3545;\n            background-color: #f8d7da;\n            border-color: #f5c6cb;\n        }\n        .success {\n            color: #28a745;\n            background-color: #d4edda;\n            border-color: #c3e6cb;\n        }\n    \u003c/style\u003e\n\u003c/head\u003e\n\u003cbody\u003e\n    \u003cdiv class=\"container\"\u003e\n        \u003ch1\u003eURL Shortener\u003c/h1\u003e\n        \u003cdiv class=\"form-group\"\u003e\n            \u003clabel for=\"longUrl\"\u003eLong URL:\u003c/label\u003e\n            \u003cinput type=\"url\" id=\"longUrl\" placeholder=\"https://example.com\" required\u003e\n        \u003c/div\u003e\n        \u003cdiv class=\"form-group\"\u003e\n            \u003clabel for=\"suffix\"\u003eCustom Suffix (optional):\u003c/label\u003e\n            \u003cinput type=\"text\" id=\"suffix\" placeholder=\"e.g., my-link\"\u003e\n        \u003c/div\u003e\n        \u003cbutton onclick=\"createShortUrl()\"\u003eCreate Short URL\u003c/button\u003e\n        \u003cdiv id=\"result\"\u003e\u003c/div\u003e\n    \u003c/div\u003e\n\n    \u003cscript\u003e\n\n        async function createShortUrl() {\n            const resultDiv = document.getElementById(\"result\");\n            const url = document.getElementById(\"longUrl\").value;\n            const suffix = document.getElementById(\"suffix\").value;\n\n            if (!url.trim()) {\n                resultDiv.className = \"error\";\n                resultDiv.textContent = \"Please enter a valid URL\";\n                return;\n            }\n            let body = { url }\n            if (suffix.trim()) {\n                body.suffix = suffix\n            }\n            console.log({ body })\n\n            try {\n                resultDiv.textContent = \"Creating short URL...\";\n                const response = await fetch(\"${api_endpoint}/create\", {\n                    method: \"POST\",\n                    headers: {\n                        \"Content-Type\": \"application/json\"\n                    },\n                    body: JSON.stringify(body)\n                });\n\n                const data = await response.json();\n                console.log({ data })\n                const shortUrlSuffix = data.short_url\n                \n                if (response.ok) {\n                    resultDiv.className = \"success\";\n                    const shortUrl = \"${api_endpoint}\" + \"/\" + shortUrlSuffix;\n                    resultDiv.innerHTML = `\n                        \u003cstrong\u003eSuccess!\u003c/strong\u003e\u003cbr\u003e\n                        Short URL: \u003ca href=\"` + shortUrl + `\" target=\"_blank\"\u003e` + shortUrl + `\u003c/a\u003e\n                    `;\n                } else {\n                    resultDiv.className = \"error\";\n                    const errorMsg = data.error\n                    resultDiv.textContent = \"Error: \" + errorMsg;\n                }\n            } catch (error) {\n                resultDiv.className = \"error\";\n                resultDiv.textContent = \"Error: \" + error.message;\n            }\n        }\n\n        // Add enter key support\n        document.getElementById(\"longUrl\").addEventListener(\"keypress\", function(e) {\n            if (e.key === \"Enter\") {\n                createShortUrl();\n            }\n        });\n\n        document.getElementById(\"suffix\").addEventListener(\"keypress\", function(e) {\n            if (e.key === \"Enter\") {\n                createShortUrl();\n            }\n        });\n    \u003c/script\u003e\n\u003c/body\u003e\n\u003c/html\u003e",
            "vars": {
              "api_endpoint": "https://s5ge7oy690.execute-api.ap-southeast-1.amazonaws.com/prod"
            }
          },
          "sensitive_attributes": []
        }
      ]
    },
    {
      "mode": "managed",
      "type": "aws_api_gateway_deployment",
      "name": "prod",
      "provider": "provider[\"registry.terraform.io/hashicorp/aws\"]",
      "instances": [
        {
          "schema_version": 0,
          "attributes": {
            "canary_settings": [],
            "created_date": "2025-01-09T09:18:55Z",
            "description": "",
            "execution_arn": "arn:aws:execute-api:ap-southeast-1:779846790259:s5ge7oy690/",
            "id": "4upfzf",
            "invoke_url": "https://s5ge7oy690.execute-api.ap-southeast-1.amazonaws.com/",
            "rest_api_id": "s5ge7oy690",
            "stage_description": null,
            "stage_name": null,
            "triggers": {
              "redeployment": "a13c6775492dc920965e1aa009e32a10b8ec2b16"
            },
            "variables": null
          },
          "sensitive_attributes": [],
          "private": "bnVsbA==",
          "dependencies": [
            "aws_api_gateway_integration.create",
            "aws_api_gateway_integration.create_options",
            "aws_api_gateway_integration.redirect",
            "aws_api_gateway_integration.redirect_options",
            "aws_api_gateway_method.create",
            "aws_api_gateway_method.create_options",
            "aws_api_gateway_method.redirect",
            "aws_api_gateway_method.redirect_options",
            "aws_api_gateway_resource.create",
            "aws_api_gateway_resource.redirect",
            "aws_api_gateway_rest_api.url_shortener",
            "aws_api_gateway_rest_api_policy.api_policy",
            "aws_dynamodb_table.url_mappings",
            "aws_iam_role.lambda_role",
            "aws_lambda_function.create_short_url",
            "aws_lambda_function.redirect_url",
            "aws_lambda_permission.create_api_gateway",
            "aws_lambda_permission.redirect_api_gateway",
            "aws_s3_bucket.url_shortener_bucket",
            "data.aws_caller_identity.current",
            "data.aws_region.current"
          ],
          "create_before_destroy": true
        }
      ]
    },
    {
      "mode": "managed",
      "type": "aws_api_gateway_integration",
      "name": "create",
      "provider": "provider[\"registry.terraform.io/hashicorp/aws\"]",
      "instances": [
        {
          "schema_version": 0,
          "attributes": {
            "cache_key_parameters": null,
            "cache_namespace": "6ufk9k",
            "connection_id": "",
            "connection_type": "INTERNET",
            "content_handling": "",
            "credentials": "",
            "http_method": "POST",
            "id": "agi-s5ge7oy690-6ufk9k-POST",
            "integration_http_method": "POST",
            "passthrough_behavior": "WHEN_NO_MATCH",
            "request_parameters": null,
            "request_templates": null,
            "resource_id": "6ufk9k",
            "rest_api_id": "s5ge7oy690",
            "timeout_milliseconds": 29000,
            "tls_config": [],
            "type": "AWS_PROXY",
            "uri": "arn:aws:apigateway:ap-southeast-1:lambda:path/2015-03-31/functions/arn:aws:lambda:ap-southeast-1:779846790259:function:create_short_url/invocations"
          },
          "sensitive_attributes": [],
          "private": "bnVsbA==",
          "dependencies": [
            "aws_api_gateway_method.create",
            "aws_api_gateway_resource.create",
            "aws_api_gateway_rest_api.url_shortener",
            "aws_dynamodb_table.url_mappings",
            "aws_iam_role.lambda_role",
            "aws_lambda_function.create_short_url",
            "aws_s3_bucket.url_shortener_bucket"
          ],
          "create_before_destroy": true
        }
      ]
    },
    {
      "mode": "managed",
      "type": "aws_api_gateway_integration",
      "name": "create_options",
      "provider": "provider[\"registry.terraform.io/hashicorp/aws\"]",
      "instances": [
        {
          "schema_version": 0,
          "attributes": {
            "cache_key_parameters": null,
            "cache_namespace": "6ufk9k",
            "connection_id": "",
            "connection_type": "INTERNET",
            "content_handling": "",
            "credentials": "",
            "http_method": "OPTIONS",
            "id": "agi-s5ge7oy690-6ufk9k-OPTIONS",
            "integration_http_method": "",
            "passthrough_behavior": "WHEN_NO_MATCH",
            "request_parameters": null,
            "request_templates": {
              "application/json": "{\"statusCode\": 200}"
            },
            "resource_id": "6ufk9k",
            "rest_api_id": "s5ge7oy690",
            "timeout_milliseconds": 29000,
            "tls_config": [],
            "type": "MOCK",
            "uri": ""
          },
          "sensitive_attributes": [],
          "private": "bnVsbA==",
          "dependencies": [
            "aws_api_gateway_method.create_options",
            "aws_api_gateway_resource.create",
            "aws_api_gateway_rest_api.url_shortener"
          ],
          "create_before_destroy": true
        }
      ]
    },
    {
      "mode": "managed",
      "type": "aws_api_gateway_integration",
      "name": "redirect",
      "provider": "provider[\"registry.terraform.io/hashicorp/aws\"]",
      "instances": [
        {
          "schema_version": 0,
          "attributes": {
            "cache_key_parameters": null,
            "cache_namespace": "k6vw5o",
            "connection_id": "",
            "connection_type": "INTERNET",
            "content_handling": "",
            "credentials": "",
            "http_method": "GET",
            "id": "agi-s5ge7oy690-k6vw5o-GET",
            "integration_http_method": "POST",
            "passthrough_behavior": "WHEN_NO_MATCH",
            "request_parameters": null,
            "request_templates": null,
            "resource_id": "k6vw5o",
            "rest_api_id": "s5ge7oy690",
            "timeout_milliseconds": 29000,
            "tls_config": [],
            "type": "AWS_PROXY",
            "uri": "arn:aws:apigateway:ap-southeast-1:lambda:path/2015-03-31/functions/arn:aws:lambda:ap-southeast-1:779846790259:function:redirect_url/invocations"
          },
          "sensitive_attributes": [],
          "private": "bnVsbA==",
          "dependencies": [
            "aws_api_gateway_method.redirect",
            "aws_api_gateway_resource.redirect",
            "aws_api_gateway_rest_api.url_shortener",
            "aws_dynamodb_table.url_mappings",
            "aws_iam_role.lambda_role",
            "aws_lambda_function.redirect_url",
            "aws_s3_bucket.url_shortener_bucket"
          ],
          "create_before_destroy": true
        }
      ]
    },
    {
      "mode": "managed",
      "type": "aws_api_gateway_integration",
      "name": "redirect_options",
      "provider": "provider[\"registry.terraform.io/hashicorp/aws\"]",
      "instances": [
        {
          "schema_version": 0,
          "attributes": {
            "cache_key_parameters": null,
            "cache_namespace": "k6vw5o",
            "connection_id": "",
            "connection_type": "INTERNET",
            "content_handling": "",
            "credentials": "",
            "http_method": "OPTIONS",
            "id": "agi-s5ge7oy690-k6vw5o-OPTIONS",
            "integration_http_method": "",
            "passthrough_behavior": "WHEN_NO_MATCH",
            "request_parameters": null,
            "request_templates": {
              "application/json": "{\"statusCode\": 200}"
            },
            "resource_id": "k6vw5o",
            "rest_api_id": "s5ge7oy690",
            "timeout_milliseconds": 29000,
            "tls_config": [],
            "type": "MOCK",
            "uri": ""
          },
          "sensitive_attributes": [],
          "private": "bnVsbA==",
          "dependencies": [
            "aws_api_gateway_method.redirect_options",
            "aws_api_gateway_resource.redirect",
            "aws_api_gateway_rest_api.url_shortener"
          ],
          "create_before_destroy": true
        }
      ]
    },
    {
      "mode": "managed",
      "type": "aws_api_gateway_integration_response",
      "name": "create_options",
      "provider": "provider[\"registry.terraform.io/hashicorp/aws\"]",
      "instances": [
        {
          "schema_version": 0,
          "attributes": {
            "content_handling": "",
            "http_method": "OPTIONS",
            "id": "agir-s5ge7oy690-6ufk9k-OPTIONS-200",
            "resource_id": "6ufk9k",
            "response_parameters": {
              "method.response.header.Access-Control-Allow-Headers": "'Content-Type,X-Amz-Date,Authorization,X-Api-Key,X-Amz-Security-Token'",
              "method.response.header.Access-Control-Allow-Methods": "'GET,POST,OPTIONS'",
              "method.response.header.Access-Control-Allow-Origin": "'*'"
            },
            "response_templates": null,
            "rest_api_id": "s5ge7oy690",
            "selection_pattern": "",
            "status_code": "200"
          },
          "sensitive_attributes": [],
          "private": "bnVsbA==",
          "dependencies": [
            "aws_api_gateway_method.create_options",
            "aws_api_gateway_method_response.create_options",
            "aws_api_gateway_resource.create",
            "aws_api_gateway_rest_api.url_shortener"
          ]
        }
      ]
    },
    {
      "mode": "managed",
      "type": "aws_api_gateway_integration_response",
      "name": "redirect_options",
      "provider": "provider[\"registry.terraform.io/hashicorp/aws\"]",
      "instances": [
        {
          "schema_version": 0,
          "attributes": {
            "content_handling": "",
            "http_method": "OPTIONS",
            "id": "agir-s5ge7oy690-k6vw5o-OPTIONS-200",
            "resource_id": "k6vw5o",
            "response_parameters": {
              "method.response.header.Access-Control-Allow-Headers": "'Content-Type,X-Amz-Date,Authorization,X-Api-Key,X-Amz-Security-Token'",
              "method.response.header.Access-Control-Allow-Methods": "'GET,OPTIONS'",
              "method.response.header.Access-Control-Allow-Origin": "'*'"
            },
            "response_templates": null,
            "rest_api_id": "s5ge7oy690",
            "selection_pattern": "",
            "status_code": "200"
          },
          "sensitive_attributes": [],
          "private": "bnVsbA==",
          "dependencies": [
            "aws_api_gateway_method.redirect_options",
            "aws_api_gateway_method_response.redirect_options",
            "aws_api_gateway_resource.redirect",
            "aws_api_gateway_rest_api.url_shortener"
          ]
        }
      ]
    },
    {
      "mode": "managed",
      "type": "aws_api_gateway_method",
      "name": "create",
      "provider": "provider[\"registry.terraform.io/hashicorp/aws\"]",
      "instances": [
        {
          "schema_version": 0,
          "attributes": {
            "api_key_required": false,
            "authorization": "NONE",
            "authorization_scopes": null,
            "authorizer_id": null,
            "http_method": "POST",
            "id": "agm-s5ge7oy690-6ufk9k-POST",
            "operation_name": null,
            "request_models": null,
            "request_parameters": null,
            "request_validator_id": null,
            "resource_id": "6ufk9k",
            "rest_api_id": "s5ge7oy690"
          },
          "sensitive_attributes": [],
          "private": "bnVsbA==",
          "dependencies": [
            "aws_api_gateway_resource.create",
            "aws_api_gateway_rest_api.url_shortener"
          ],
          "create_before_destroy": true
        }
      ]
    },
    {
      "mode": "managed",
      "type": "aws_api_gateway_method",
      "name": "create_options",
      "provider": "provider[\"registry.terraform.io/hashicorp/aws\"]",
      "instances": [
        {
          "schema_version": 0,
          "attributes": {
            "api_key_required": false,
            "authorization": "NONE",
            "authorization_scopes": null,
            "authorizer_id": null,
            "http_method": "OPTIONS",
            "id": "agm-s5ge7oy690-6ufk9k-OPTIONS",
            "operation_name": null,
            "request_models": null,
            "request_parameters": null,
            "request_validator_id": null,
            "resource_id": "6ufk9k",
            "rest_api_id": "s5ge7oy690"
          },
          "sensitive_attributes": [],
          "private": "bnVsbA==",
          "dependencies": [
            "aws_api_gateway_resource.create",
            "aws_api_gateway_rest_api.url_shortener"
          ],
          "create_before_destroy": true
        }
      ]
    },
    {
      "mode": "managed",
      "type": "aws_api_gateway_method",
      "name": "redirect",
      "provider": "provider[\"registry.terraform.io/hashicorp/aws\"]",
      "instances": [
        {
          "schema_version": 0,
          "attributes": {
            "api_key_required": false,
            "authorization": "NONE",
            "authorization_scopes": null,
            "authorizer_id": null,
            "http_method": "GET",
            "id": "agm-s5ge7oy690-k6vw5o-GET",
            "operation_name": null,
            "request_models": null,
            "request_parameters": {
              "method.request.path.shortUrl": true
            },
            "request_validator_id": null,
            "resource_id": "k6vw5o",
            "rest_api_id": "s5ge7oy690"
          },
          "sensitive_attributes": [],
          "private": "bnVsbA==",
          "dependencies": [
            "aws_api_gateway_resource.redirect",
            "aws_api_gateway_rest_api.url_shortener"
          ],
          "create_before_destroy": true
        }
      ]
    },
    {
      "mode": "managed",
      "type": "aws_api_gateway_method",
      "name": "redirect_options",
      "provider": "provider[\"registry.terraform.io/hashicorp/aws\"]",
      "instances": [
        {
          "schema_version": 0,
          "attributes": {
            "api_key_required": false,
            "authorization": "NONE",
            "authorization_scopes": null,
            "authorizer_id": null,
            "http_method": "OPTIONS",
            "id": "agm-s5ge7oy690-k6vw5o-OPTIONS",
            "operation_name": null,
            "request_models": null,
            "request_parameters": null,
            "request_validator_id": null,
            "resource_id": "k6vw5o",
            "rest_api_id": "s5ge7oy690"
          },
          "sensitive_attributes": [],
          "private": "bnVsbA==",
          "dependencies": [
            "aws_api_gateway_resource.redirect",
            "aws_api_gateway_rest_api.url_shortener"
          ],
          "create_before_destroy": true
        }
      ]
    },
    {
      "mode": "managed",
      "type": "aws_api_gateway_method_response",
      "name": "create",
      "provider": "provider[\"registry.terraform.io/hashicorp/aws\"]",
      "instances": [
        {
          "schema_version": 0,
          "attributes": {
            "http_method": "POST",
            "id": "agmr-s5ge7oy690-6ufk9k-POST-200",
            "resource_id": "6ufk9k",
            "response_models": null,
            "response_parameters": {
              "method.response.header.Access-Control-Allow-Headers": true,
              "method.response.header.Access-Control-Allow-Methods": true,
              "method.response.header.Access-Control-Allow-Origin": true
            },
            "rest_api_id": "s5ge7oy690",
            "status_code": "200"
          },
          "sensitive_attributes": [],
          "private": "bnVsbA==",
          "dependencies": [
            "aws_api_gateway_method.create",
            "aws_api_gateway_resource.create",
            "aws_api_gateway_rest_api.url_shortener"
          ]
        }
      ]
    },
    {
      "mode": "managed",
      "type": "aws_api_gateway_method_response",
      "name": "create_options",
      "provider": "provider[\"registry.terraform.io/hashicorp/aws\"]",
      "instances": [
        {
          "schema_version": 0,
          "attributes": {
            "http_method": "OPTIONS",
            "id": "agmr-s5ge7oy690-6ufk9k-OPTIONS-200",
            "resource_id": "6ufk9k",
            "response_models": null,
            "response_parameters": {
              "method.response.header.Access-Control-Allow-Headers": true,
              "method.response.header.Access-Control-Allow-Methods": true,
              "method.response.header.Access-Control-Allow-Origin": true
            },
            "rest_api_id": "s5ge7oy690",
            "status_code": "200"
          },
          "sensitive_attributes": [],
          "private": "bnVsbA==",
          "dependencies": [
            "aws_api_gateway_method.create_options",
            "aws_api_gateway_resource.create",
            "aws_api_gateway_rest_api.url_shortener"
          ]
        }
      ]
    },
    {
      "mode": "managed",
      "type": "aws_api_gateway_method_response",
      "name": "redirect_options",
      "provider": "provider[\"registry.terraform.io/hashicorp/aws\"]",
      "instances": [
        {
          "schema_version": 0,
          "attributes": {
            "http_method": "OPTIONS",
            "id": "agmr-s5ge7oy690-k6vw5o-OPTIONS-200",
            "resource_id": "k6vw5o",
            "response_models": null,
            "response_parameters": {
              "method.response.header.Access-Control-Allow-Headers": true,
              "method.response.header.Access-Control-Allow-Methods": true,
              "method.response.header.Access-Control-Allow-Origin": true
            },
            "rest_api_id": "s5ge7oy690",
            "status_code": "200"
          },
          "sensitive_attributes": [],
          "private": "bnVsbA==",
          "dependencies": [
            "aws_api_gateway_method.redirect_options",
            "aws_api_gateway_resource.redirect",
            "aws_api_gateway_rest_api.url_shortener"
          ]
        }
      ]
    },
    {
      "mode": "managed",
      "type": "aws_api_gateway_resource",
      "name": "create",
      "provider": "provider[\"registry.terraform.io/hashicorp/aws\"]",
      "instances": [
        {
          "schema_version": 0,
          "attributes": {
            "id": "6ufk9k",
            "parent_id": "844glf1ym5",
            "path": "/create",
            "path_part": "create",
            "rest_api_id": "s5ge7oy690"
          },
          "sensitive_attributes": [],
          "private": "bnVsbA==",
          "dependencies": [
            "aws_api_gateway_rest_api.url_shortener"
          ],
          "create_before_destroy": true
        }
      ]
    },
    {
      "mode": "managed",
      "type": "aws_api_gateway_resource",
      "name": "redirect",
      "provider": "provider[\"registry.terraform.io/hashicorp/aws\"]",
      "instances": [
        {
          "schema_version": 0,
          "attributes": {
            "id": "k6vw5o",
            "parent_id": "844glf1ym5",
            "path": "/{shortUrl}",
            "path_part": "{shortUrl}",
            "rest_api_id": "s5ge7oy690"
          },
          "sensitive_attributes": [],
          "private": "bnVsbA==",
          "dependencies": [
            "aws_api_gateway_rest_api.url_shortener"
          ],
          "create_before_destroy": true
        }
      ]
    },
    {
      "mode": "managed",
      "type": "aws_api_gateway_rest_api",
      "name": "url_shortener",
      "provider": "provider[\"registry.terraform.io/hashicorp/aws\"]",
      "instances": [
        {
          "schema_version": 0,
          "attributes": {
            "api_key_source": "HEADER",
            "arn": "arn:aws:apigateway:ap-southeast-1::/restapis/s5ge7oy690",
            "binary_media_types": [],
            "body": null,
            "created_date": "2025-01-09T09:18:40Z",
            "description": "",
            "disable_execute_api_endpoint": false,
            "endpoint_configuration": [
              {
                "types": [
                  "EDGE"
                ],
                "vpc_endpoint_ids": []
              }
            ],
            "execution_arn": "arn:aws:execute-api:ap-southeast-1:779846790259:s5ge7oy690",
            "fail_on_warnings": null,
            "id": "s5ge7oy690",
            "minimum_compression_size": "",
            "name": "url-shortener",
            "parameters": null,
            "policy": "",
            "put_rest_api_mode": null,
            "root_resource_id": "844glf1ym5",
            "tags": null,
            "tags_all": {}
          },
          "sensitive_attributes": [],
          "private": "bnVsbA==",
          "create_before_destroy": true
        }
      ]
    },
    {
      "mode": "managed",
      "type": "aws_api_gateway_rest_api_policy",
      "name": "api_policy",
      "provider": "provider[\"registry.terraform.io/hashicorp/aws\"]",
      "instances": [
        {
          "schema_version": 0,
          "attributes": {
            "id": "s5ge7oy690",
            "policy": "{\"Version\":\"2012-10-17\",\"Statement\":[{\"Effect\":\"Allow\",\"Principal\":\"*\",\"Action\":\"lambda:InvokeFunction\",\"Resource\":[\"arn:aws:lambda:ap-southeast-1:779846790259:function:create_short_url\",\"arn:aws:lambda:ap-southeast-1:779846790259:function:redirect_url\"]},{\"Effect\":\"Allow\",\"Principal\":\"*\",\"Action\":\"execute-api:Invoke\",\"Resource\":\"arn:aws:execute-api:ap-southeast-1:779846790259:s5ge7oy690/*/*/*\"}]}",
            "rest_api_id": "s5ge7oy690"
          },
          "sensitive_attributes": [],
          "private": "bnVsbA==",
          "dependencies": [
            "aws_api_gateway_rest_api.url_shortener",
            "aws_dynamodb_table.url_mappings",
            "aws_iam_role.lambda_role",
            "aws_lambda_function.create_short_url",
            "aws_lambda_function.redirect_url",
            "aws_s3_bucket.url_shortener_bucket",
            "data.aws_caller_identity.current",
            "data.aws_region.current"
          ],
          "create_before_destroy": true
        }
      ]
    },
    {
      "mode": "managed",
      "type": "aws_api_gateway_stage",
      "name": "prod",
      "provider": "provider[\"registry.terraform.io/hashicorp/aws\"]",
      "instances": [
        {
          "schema_version": 0,
          "attributes": {
            "access_log_settings": [],
            "arn": "arn:aws:apigateway:ap-southeast-1::/restapis/s5ge7oy690/stages/prod",
            "cache_cluster_enabled": false,
            "cache_cluster_size": "",
            "canary_settings": [],
            "client_certificate_id": "",
            "deployment_id": "4upfzf",
            "description": "",
            "documentation_version": "",
            "execution_arn": "arn:aws:execute-api:ap-southeast-1:779846790259:s5ge7oy690/prod",
            "id": "ags-s5ge7oy690-prod",
            "invoke_url": "https://s5ge7oy690.execute-api.ap-southeast-1.amazonaws.com/prod",
            "rest_api_id": "s5ge7oy690",
            "stage_name": "prod",
            "tags": null,
            "tags_all": {},
            "variables": null,
            "web_acl_arn": "",
            "xray_tracing_enabled": false
          },
          "sensitive_attributes": [],
          "private": "bnVsbA==",
          "dependencies": [
            "aws_api_gateway_deployment.prod",
            "aws_api_gateway_integration.create",
            "aws_api_gateway_integration.create_options",
            "aws_api_gateway_integration.redirect",
            "aws_api_gateway_integration.redirect_options",
            "aws_api_gateway_method.create",
            "aws_api_gateway_method.create_options",
            "aws_api_gateway_method.redirect",
            "aws_api_gateway_method.redirect_options",
            "aws_api_gateway_resource.create",
            "aws_api_gateway_resource.redirect",
            "aws_api_gateway_rest_api.url_shortener",
            "aws_api_gateway_rest_api_policy.api_policy",
            "aws_dynamodb_table.url_mappings",
            "aws_iam_role.lambda_role",
            "aws_lambda_function.create_short_url",
            "aws_lambda_function.redirect_url",
            "aws_lambda_permission.create_api_gateway",
            "aws_lambda_permission.redirect_api_gateway",
            "aws_s3_bucket.url_shortener_bucket",
            "data.aws_caller_identity.current",
            "data.aws_region.current"
          ]
        }
      ]
    },
    {
      "mode": "managed",
      "type": "aws_dynamodb_table",
      "name": "url_mappings",
      "provider": "provider[\"registry.terraform.io/hashicorp/aws\"]",
      "instances": [
        {
          "schema_version": 1,
          "attributes": {
            "arn": "arn:aws:dynamodb:ap-southeast-1:779846790259:table/url-mappings",
            "attribute": [
              {
                "name": "short_url",
                "type": "S"
              }
            ],
            "billing_mode": "PAY_PER_REQUEST",
            "deletion_protection_enabled": false,
            "global_secondary_index": [],
            "hash_key": "short_url",
            "id": "url-mappings",
            "import_table": [],
            "local_secondary_index": [],
            "name": "url-mappings",
            "on_demand_throughput": [],
            "point_in_time_recovery": [
              {
                "enabled": false
              }
            ],
            "range_key": null,
            "read_capacity": 0,
            "replica": [],
            "restore_date_time": null,
            "restore_source_name": null,
            "restore_source_table_arn": null,
            "restore_to_latest_time": null,
            "server_side_encryption": [],
            "stream_arn": "",
            "stream_enabled": false,
            "stream_label": "",
            "stream_view_type": "",
            "table_class": "STANDARD",
            "tags": null,
            "tags_all": {},
            "timeouts": null,
            "ttl": [
              {
                "attribute_name": "expiry",
                "enabled": true
              }
            ],
            "write_capacity": 0
          },
          "sensitive_attributes": [],
          "private": "eyJlMmJmYjczMC1lY2FhLTExZTYtOGY4OC0zNDM2M2JjN2M0YzAiOnsiY3JlYXRlIjoxODAwMDAwMDAwMDAwLCJkZWxldGUiOjYwMDAwMDAwMDAwMCwidXBkYXRlIjozNjAwMDAwMDAwMDAwfSwic2NoZW1hX3ZlcnNpb24iOiIxIn0=",
          "create_before_destroy": true
        }
      ]
    },
    {
      "mode": "managed",
      "type": "aws_iam_role",
      "name": "lambda_role",
      "provider": "provider[\"registry.terraform.io/hashicorp/aws\"]",
      "instances": [
        {
          "schema_version": 0,
          "attributes": {
            "arn": "arn:aws:iam::779846790259:role/url_shortener_lambda_role",
            "assume_role_policy": "{\"Statement\":[{\"Action\":\"sts:AssumeRole\",\"Effect\":\"Allow\",\"Principal\":{\"Service\":\"lambda.amazonaws.com\"}}],\"Version\":\"2012-10-17\"}",
            "create_date": "2025-01-09T09:18:40Z",
            "description": "",
            "force_detach_policies": false,
            "id": "url_shortener_lambda_role",
            "inline_policy": [],
            "managed_policy_arns": [],
            "max_session_duration": 3600,
            "name": "url_shortener_lambda_role",
            "name_prefix": "",
            "path": "/",
            "permissions_boundary": "",
            "tags": null,
            "tags_all": {},
            "unique_id": "AROA3LET5VRZ2ODZDGUC5"
          },
          "sensitive_attributes": [],
          "private": "bnVsbA==",
          "create_before_destroy": true
        }
      ]
    },
    {
      "mode": "managed",
      "type": "aws_iam_role_policy",
      "name": "lambda_policy",
      "provider": "provider[\"registry.terraform.io/hashicorp/aws\"]",
      "instances": [
        {
          "schema_version": 0,
          "attributes": {
            "id": "url_shortener_lambda_role:url_shortener_lambda_policy",
            "name": "url_shortener_lambda_policy",
            "name_prefix": "",
            "policy": "{\"Version\":\"2012-10-17\",\"Statement\":[{\"Action\":[\"dynamodb:PutItem\",\"dynamodb:GetItem\",\"dynamodb:UpdateItem\"],\"Effect\":\"Allow\",\"Resource\":\"arn:aws:dynamodb:ap-southeast-1:779846790259:table/url-mappings\"},{\"Action\":[\"logs:CreateLogGroup\",\"logs:CreateLogStream\",\"logs:PutLogEvents\"],\"Effect\":\"Allow\",\"Resource\":\"arn:aws:logs:*:*:*\"}]}",
            "role": "url_shortener_lambda_role"
          },
          "sensitive_attributes": [],
          "private": "bnVsbA==",
          "dependencies": [
            "aws_dynamodb_table.url_mappings",
            "aws_iam_role.lambda_role"
          ]
        }
      ]
    },
    {
      "mode": "managed",
      "type": "aws_lambda_function",
      "name": "create_short_url",
      "provider": "provider[\"registry.terraform.io/hashicorp/aws\"]",
      "instances": [
        {
          "schema_version": 0,
          "attributes": {
            "architectures": [
              "x86_64"
            ],
            "arn": "arn:aws:lambda:ap-southeast-1:779846790259:function:create_short_url",
            "code_sha256": "/Xw1i/aXt2GQJ834QPV6mjAClVr1hRf16u5FllZtRds=",
            "code_signing_config_arn": "",
            "dead_letter_config": [],
            "description": "",
            "environment": [
              {
                "variables": {
                  "DYNAMODB_TABLE": "url-mappings"
                }
              }
            ],
            "ephemeral_storage": [
              {
                "size": 512
              }
            ],
            "file_system_config": [],
            "filename": null,
            "function_name": "create_short_url",
            "handler": "index.handler",
            "id": "create_short_url",
            "image_config": [],
            "image_uri": "",
            "invoke_arn": "arn:aws:apigateway:ap-southeast-1:lambda:path/2015-03-31/functions/arn:aws:lambda:ap-southeast-1:779846790259:function:create_short_url/invocations",
            "kms_key_arn": "",
            "last_modified": "2025-01-09T09:18:47.206+0000",
            "layers": null,
            "logging_config": [
              {
                "application_log_level": "",
                "log_format": "Text",
                "log_group": "/aws/lambda/create_short_url",
                "system_log_level": ""
              }
            ],
            "memory_size": 128,
            "package_type": "Zip",
            "publish": false,
            "qualified_arn": "arn:aws:lambda:ap-southeast-1:779846790259:function:create_short_url:$LATEST",
            "qualified_invoke_arn": "arn:aws:apigateway:ap-southeast-1:lambda:path/2015-03-31/functions/arn:aws:lambda:ap-southeast-1:779846790259:function:create_short_url:$LATEST/invocations",
            "replace_security_groups_on_destroy": null,
            "replacement_security_group_ids": null,
            "reserved_concurrent_executions": -1,
            "role": "arn:aws:iam::779846790259:role/url_shortener_lambda_role",
            "runtime": "python3.12",
            "s3_bucket": "url-shortener20250109091839172000000001",
            "s3_key": "create_short_url.zip",
            "s3_object_version": null,
            "signing_job_arn": "",
            "signing_profile_version_arn": "",
            "skip_destroy": false,
            "snap_start": [],
            "source_code_hash": "",
            "source_code_size": 98276,
            "tags": null,
            "tags_all": {},
            "timeout": 300,
            "timeouts": null,
            "tracing_config": [
              {
                "mode": "PassThrough"
              }
            ],
            "version": "$LATEST",
            "vpc_config": []
          },
          "sensitive_attributes": [],
          "private": "eyJlMmJmYjczMC1lY2FhLTExZTYtOGY4OC0zNDM2M2JjN2M0YzAiOnsiY3JlYXRlIjo2MDAwMDAwMDAwMDAsImRlbGV0ZSI6NjAwMDAwMDAwMDAwLCJ1cGRhdGUiOjYwMDAwMDAwMDAwMH19",
          "dependencies": [
            "aws_dynamodb_table.url_mappings",
            "aws_iam_role.lambda_role",
            "aws_s3_bucket.url_shortener_bucket"
          ],
          "create_before_destroy": true
        }
      ]
    },
    {
      "mode": "managed",
      "type": "aws_lambda_function",
      "name": "redirect_url",
      "provider": "provider[\"registry.terraform.io/hashicorp/aws\"]",
      "instances": [
        {
          "schema_version": 0,
          "attributes": {
            "architectures": [
              "x86_64"
            ],
            "arn": "arn:aws:lambda:ap-southeast-1:779846790259:function:redirect_url",
            "code_sha256": "4CSjO5R1gJDpHiiDY9BHEYPUQskURqq0aP0D5+FV9Sc=",
            "code_signing_config_arn": "",
            "dead_letter_config": [],
            "description": "",
            "environment": [
              {
                "variables": {
                  "DYNAMODB_TABLE": "url-mappings"
                }
              }
            ],
            "ephemeral_storage": [
              {
                "size": 512
              }
            ],
            "file_system_config": [],
            "filename": null,
            "function_name": "redirect_url",
            "handler": "index.handler",
            "id": "redirect_url",
            "image_config": [],
            "image_uri": "",
            "invoke_arn": "arn:aws:apigateway:ap-southeast-1:lambda:path/2015-03-31/functions/arn:aws:lambda:ap-southeast-1:779846790259:function:redirect_url/invocations",
            "kms_key_arn": "",
            "last_modified": "2025-01-09T09:18:49.238+0000",
            "layers": null,
            "logging_config": [
              {
                "application_log_level": "",
                "log_format": "Text",
                "log_group": "/aws/lambda/redirect_url",
                "system_log_level": ""
              }
            ],
            "memory_size": 128,
            "package_type": "Zip",
            "publish": false,
            "qualified_arn": "arn:aws:lambda:ap-southeast-1:779846790259:function:redirect_url:$LATEST",
            "qualified_invoke_arn": "arn:aws:apigateway:ap-southeast-1:lambda:path/2015-03-31/functions/arn:aws:lambda:ap-southeast-1:779846790259:function:redirect_url:$LATEST/invocations",
            "replace_security_groups_on_destroy": null,
            "replacement_security_group_ids": null,
            "reserved_concurrent_executions": -1,
            "role": "arn:aws:iam::779846790259:role/url_shortener_lambda_role",
            "runtime": "python3.12",
            "s3_bucket": "url-shortener20250109091839172000000001",
            "s3_key": "redirect_url.zip",
            "s3_object_version": null,
            "signing_job_arn": "",
            "signing_profile_version_arn": "",
            "skip_destroy": false,
            "snap_start": [],
            "source_code_hash": "",
            "source_code_size": 783,
            "tags": null,
            "tags_all": {},
            "timeout": 300,
            "timeouts": null,
            "tracing_config": [
              {
                "mode": "PassThrough"
              }
            ],
            "version": "$LATEST",
            "vpc_config": []
          },
          "sensitive_attributes": [],
          "private": "eyJlMmJmYjczMC1lY2FhLTExZTYtOGY4OC0zNDM2M2JjN2M0YzAiOnsiY3JlYXRlIjo2MDAwMDAwMDAwMDAsImRlbGV0ZSI6NjAwMDAwMDAwMDAwLCJ1cGRhdGUiOjYwMDAwMDAwMDAwMH19",
          "dependencies": [
            "aws_dynamodb_table.url_mappings",
            "aws_iam_role.lambda_role",
            "aws_s3_bucket.url_shortener_bucket"
          ],
          "create_before_destroy": true
        }
      ]
    },
    {
      "mode": "managed",
      "type": "aws_lambda_permission",
      "name": "create_api_gateway",
      "provider": "provider[\"registry.terraform.io/hashicorp/aws\"]",
      "instances": [
        {
          "schema_version": 0,
          "attributes": {
            "action": "lambda:InvokeFunction",
            "event_source_token": null,
            "function_name": "create_short_url",
            "function_url_auth_type": null,
            "id": "AllowAPIGatewayInvokeCreate",
            "principal": "apigateway.amazonaws.com",
            "principal_org_id": null,
            "qualifier": "",
            "source_account": null,
            "source_arn": "arn:aws:execute-api:ap-southeast-1:779846790259:s5ge7oy690/*/POST/create",
            "statement_id": "AllowAPIGatewayInvokeCreate",
            "statement_id_prefix": ""
          },
          "sensitive_attributes": [],
          "private": "bnVsbA==",
          "dependencies": [
            "aws_api_gateway_method.create",
            "aws_api_gateway_resource.create",
            "aws_api_gateway_rest_api.url_shortener",
            "aws_dynamodb_table.url_mappings",
            "aws_iam_role.lambda_role",
            "aws_lambda_function.create_short_url",
            "aws_s3_bucket.url_shortener_bucket"
          ],
          "create_before_destroy": true
        }
      ]
    },
    {
      "mode": "managed",
      "type": "aws_lambda_permission",
      "name": "redirect_api_gateway",
      "provider": "provider[\"registry.terraform.io/hashicorp/aws\"]",
      "instances": [
        {
          "schema_version": 0,
          "attributes": {
            "action": "lambda:InvokeFunction",
            "event_source_token": null,
            "function_name": "redirect_url",
            "function_url_auth_type": null,
            "id": "AllowAPIGatewayInvokeRedirect",
            "principal": "apigateway.amazonaws.com",
            "principal_org_id": null,
            "qualifier": "",
            "source_account": null,
            "source_arn": "arn:aws:execute-api:ap-southeast-1:779846790259:s5ge7oy690/*/GET/{shortUrl}",
            "statement_id": "AllowAPIGatewayInvokeRedirect",
            "statement_id_prefix": ""
          },
          "sensitive_attributes": [],
          "private": "bnVsbA==",
          "dependencies": [
            "aws_api_gateway_method.redirect",
            "aws_api_gateway_resource.redirect",
            "aws_api_gateway_rest_api.url_shortener",
            "aws_dynamodb_table.url_mappings",
            "aws_iam_role.lambda_role",
            "aws_lambda_function.redirect_url",
            "aws_s3_bucket.url_shortener_bucket"
          ],
          "create_before_destroy": true
        }
      ]
    },
    {
      "mode": "managed",
      "type": "aws_s3_bucket",
      "name": "url_shortener_bucket",
      "provider": "provider[\"registry.terraform.io/hashicorp/aws\"]",
      "instances": [
        {
          "schema_version": 0,
          "attributes": {
            "acceleration_status": "",
            "acl": null,
            "arn": "arn:aws:s3:::url-shortener20250109091839172000000001",
            "bucket": "url-shortener20250109091839172000000001",
            "bucket_domain_name": "url-shortener20250109091839172000000001.s3.amazonaws.com",
            "bucket_prefix": "url-shortener",
            "bucket_regional_domain_name": "url-shortener20250109091839172000000001.s3.ap-southeast-1.amazonaws.com",
            "cors_rule": [],
            "force_destroy": false,
            "grant": [
              {
                "id": "ce90719d04cbc6bdb2861cf6628c970b803ced706da208c40d9dd4d068a86177",
                "permissions": [
                  "FULL_CONTROL"
                ],
                "type": "CanonicalUser",
                "uri": ""
              }
            ],
            "hosted_zone_id": "Z3O0J2DXBE1FTB",
            "id": "url-shortener20250109091839172000000001",
            "lifecycle_rule": [],
            "logging": [],
            "object_lock_configuration": [],
            "object_lock_enabled": false,
            "policy": "",
            "region": "ap-southeast-1",
            "replication_configuration": [],
            "request_payer": "BucketOwner",
            "server_side_encryption_configuration": [
              {
                "rule": [
                  {
                    "apply_server_side_encryption_by_default": [
                      {
                        "kms_master_key_id": "",
                        "sse_algorithm": "AES256"
                      }
                    ],
                    "bucket_key_enabled": false
                  }
                ]
              }
            ],
            "tags": null,
            "tags_all": {},
            "timeouts": null,
            "versioning": [
              {
                "enabled": false,
                "mfa_delete": false
              }
            ],
            "website": [],
            "website_domain": null,
            "website_endpoint": null
          },
          "sensitive_attributes": [],
          "private": "eyJlMmJmYjczMC1lY2FhLTExZTYtOGY4OC0zNDM2M2JjN2M0YzAiOnsiY3JlYXRlIjoxMjAwMDAwMDAwMDAwLCJkZWxldGUiOjM2MDAwMDAwMDAwMDAsInJlYWQiOjEyMDAwMDAwMDAwMDAsInVwZGF0ZSI6MTIwMDAwMDAwMDAwMH19",
          "create_before_destroy": true
        }
      ]
    },
    {
      "mode": "managed",
      "type": "aws_s3_bucket_acl",
      "name": "url_shortener_bucket_acl",
      "provider": "provider[\"registry.terraform.io/hashicorp/aws\"]",
      "instances": [
        {
          "schema_version": 0,
          "attributes": {
            "access_control_policy": [
              {
                "grant": [
                  {
                    "grantee": [
                      {
                        "display_name": "",
                        "email_address": "",
                        "id": "",
                        "type": "Group",
                        "uri": "http://acs.amazonaws.com/groups/global/AllUsers"
                      }
                    ],
                    "permission": "READ"
                  },
                  {
                    "grantee": [
                      {
                        "display_name": "yahoodogcomdoghk",
                        "email_address": "",
                        "id": "ce90719d04cbc6bdb2861cf6628c970b803ced706da208c40d9dd4d068a86177",
                        "type": "CanonicalUser",
                        "uri": ""
                      }
                    ],
                    "permission": "FULL_CONTROL"
                  }
                ],
                "owner": [
                  {
                    "display_name": "yahoodogcomdoghk",
                    "id": "ce90719d04cbc6bdb2861cf6628c970b803ced706da208c40d9dd4d068a86177"
                  }
                ]
              }
            ],
            "acl": "public-read",
            "bucket": "url-shortener20250109091839172000000001",
            "expected_bucket_owner": "",
            "id": "url-shortener20250109091839172000000001,public-read"
          },
          "sensitive_attributes": [],
          "private": "bnVsbA==",
          "dependencies": [
            "aws_s3_bucket.url_shortener_bucket",
            "aws_s3_bucket_ownership_controls.url_shortener_bucket_ownership",
            "aws_s3_bucket_public_access_block.url_shortener_bucket_public_access"
          ]
        }
      ]
    },
    {
      "mode": "managed",
      "type": "aws_s3_bucket_ownership_controls",
      "name": "url_shortener_bucket_ownership",
      "provider": "provider[\"registry.terraform.io/hashicorp/aws\"]",
      "instances": [
        {
          "schema_version": 0,
          "attributes": {
            "bucket": "url-shortener20250109091839172000000001",
            "id": "url-shortener20250109091839172000000001",
            "rule": [
              {
                "object_ownership": "BucketOwnerPreferred"
              }
            ]
          },
          "sensitive_attributes": [],
          "private": "bnVsbA==",
          "dependencies": [
            "aws_s3_bucket.url_shortener_bucket"
          ]
        }
      ]
    },
    {
      "mode": "managed",
      "type": "aws_s3_bucket_policy",
      "name": "allow_public_read",
      "provider": "provider[\"registry.terraform.io/hashicorp/aws\"]",
      "instances": [
        {
          "schema_version": 0,
          "attributes": {
            "bucket": "url-shortener20250109091839172000000001",
            "id": "url-shortener20250109091839172000000001",
            "policy": "{\"Statement\":[{\"Action\":\"s3:GetObject\",\"Effect\":\"Allow\",\"Principal\":\"*\",\"Resource\":\"arn:aws:s3:::url-shortener20250109091839172000000001/*\",\"Sid\":\"PublicReadGetObject\"}],\"Version\":\"2012-10-17\"}"
          },
          "sensitive_attributes": [],
          "private": "bnVsbA==",
          "dependencies": [
            "aws_s3_bucket.url_shortener_bucket",
            "aws_s3_bucket_public_access_block.url_shortener_bucket_public_access"
          ]
        }
      ]
    },
    {
      "mode": "managed",
      "type": "aws_s3_bucket_public_access_block",
      "name": "url_shortener_bucket_public_access",
      "provider": "provider[\"registry.terraform.io/hashicorp/aws\"]",
      "instances": [
        {
          "schema_version": 0,
          "attributes": {
            "block_public_acls": false,
            "block_public_policy": false,
            "bucket": "url-shortener20250109091839172000000001",
            "id": "url-shortener20250109091839172000000001",
            "ignore_public_acls": false,
            "restrict_public_buckets": false
          },
          "sensitive_attributes": [],
          "private": "bnVsbA==",
          "dependencies": [
            "aws_s3_bucket.url_shortener_bucket"
          ]
        }
      ]
    },
    {
      "mode": "managed",
      "type": "aws_s3_bucket_website_configuration",
      "name": "url_shortener_website",
      "provider": "provider[\"registry.terraform.io/hashicorp/aws\"]",
      "instances": [
        {
          "schema_version": 0,
          "attributes": {
            "bucket": "url-shortener20250109091839172000000001",
            "error_document": [
              {
                "key": "index.html"
              }
            ],
            "expected_bucket_owner": "",
            "id": "url-shortener20250109091839172000000001",
            "index_document": [
              {
                "suffix": "index.html"
              }
            ],
            "redirect_all_requests_to": [],
            "routing_rule": [],
            "routing_rules": "",
            "website_domain": "s3-website-ap-southeast-1.amazonaws.com",
            "website_endpoint": "url-shortener20250109091839172000000001.s3-website-ap-southeast-1.amazonaws.com"
          },
          "sensitive_attributes": [],
          "private": "bnVsbA==",
          "dependencies": [
            "aws_s3_bucket.url_shortener_bucket"
          ]
        }
      ]
    },
    {
      "mode": "managed",
      "type": "aws_s3_object",
      "name": "create_short_url_zip",
      "provider": "provider[\"registry.terraform.io/hashicorp/aws\"]",
      "instances": [
        {
          "schema_version": 0,
          "attributes": {
            "acl": null,
            "arn": "arn:aws:s3:::url-shortener20250109091839172000000001/create_short_url.zip",
            "bucket": "url-shortener20250109091839172000000001",
            "bucket_key_enabled": false,
            "cache_control": "",
            "checksum_algorithm": null,
            "checksum_crc32": "",
            "checksum_crc32c": "",
            "checksum_sha1": "",
            "checksum_sha256": "",
            "content": null,
            "content_base64": null,
            "content_disposition": "",
            "content_encoding": "",
            "content_language": "",
            "content_type": "application/octet-stream",
            "etag": "be1e889fc7046682f97649e6ba1ee14b",
            "force_destroy": false,
            "id": "create_short_url.zip",
            "key": "create_short_url.zip",
            "kms_key_id": null,
            "metadata": null,
            "object_lock_legal_hold_status": "",
            "object_lock_mode": "",
            "object_lock_retain_until_date": "",
            "override_provider": [],
            "server_side_encryption": "AES256",
            "source": "create_short_url.zip",
            "source_hash": null,
            "storage_class": "STANDARD",
            "tags": null,
            "tags_all": {},
            "version_id": "",
            "website_redirect": ""
          },
          "sensitive_attributes": [],
          "private": "bnVsbA==",
          "dependencies": [
            "aws_s3_bucket.url_shortener_bucket"
          ]
        }
      ]
    },
    {
      "mode": "managed",
      "type": "aws_s3_object",
      "name": "index",
      "provider": "provider[\"registry.terraform.io/hashicorp/aws\"]",
      "instances": [
        {
          "schema_version": 0,
          "attributes": {
            "acl": null,
            "arn": "arn:aws:s3:::url-shortener20250109091839172000000001/index.html",
            "bucket": "url-shortener20250109091839172000000001",
            "bucket_key_enabled": false,
            "cache_control": "no-cache, no-store, must-revalidate",
            "checksum_algorithm": null,
            "checksum_crc32": "",
            "checksum_crc32c": "",
            "checksum_sha1": "",
            "checksum_sha256": "",
            "content": "\u003c!DOCTYPE html\u003e\n\u003chtml\u003e\n\u003chead\u003e\n    \u003ctitle\u003eURL Shortener\u003c/title\u003e\n    \u003cstyle\u003e\n        body {\n            font-family: Arial, sans-serif;\n            max-width: 800px;\n            margin: 0 auto;\n            padding: 20px;\n            line-height: 1.6;\n        }\n        .container {\n            background-color: #f9f9f9;\n            padding: 20px;\n            border-radius: 8px;\n            box-shadow: 0 2px 4px rgba(0,0,0,0.1);\n        }\n        .form-group {\n            margin-bottom: 15px;\n        }\n        label {\n            display: block;\n            margin-bottom: 5px;\n            font-weight: bold;\n        }\n        input[type=\"url\"], input[type=\"text\"] {\n            width: 100%;\n            padding: 8px;\n            border: 1px solid #ddd;\n            border-radius: 4px;\n            box-sizing: border-box;\n        }\n        button {\n            background-color: #007bff;\n            color: white;\n            padding: 10px 20px;\n            border: none;\n            border-radius: 4px;\n            cursor: pointer;\n        }\n        button:hover {\n            background-color: #0056b3;\n        }\n        #result {\n            margin-top: 20px;\n            padding: 15px;\n            background-color: #fff;\n            border: 1px solid #ddd;\n            border-radius: 4px;\n        }\n        .error {\n            color: #dc3545;\n            background-color: #f8d7da;\n            border-color: #f5c6cb;\n        }\n        .success {\n            color: #28a745;\n            background-color: #d4edda;\n            border-color: #c3e6cb;\n        }\n    \u003c/style\u003e\n\u003c/head\u003e\n\u003cbody\u003e\n    \u003cdiv class=\"container\"\u003e\n        \u003ch1\u003eURL Shortener\u003c/h1\u003e\n        \u003cdiv class=\"form-group\"\u003e\n            \u003clabel for=\"longUrl\"\u003eLong URL:\u003c/label\u003e\n            \u003cinput type=\"url\" id=\"longUrl\" placeholder=\"https://example.com\" required\u003e\n        \u003c/div\u003e\n        \u003cdiv class=\"form-group\"\u003e\n            \u003clabel for=\"suffix\"\u003eCustom Suffix (optional):\u003c/label\u003e\n            \u003cinput type=\"text\" id=\"suffix\" placeholder=\"e.g., my-link\"\u003e\n        \u003c/div\u003e\n        \u003cbutton onclick=\"createShortUrl()\"\u003eCreate Short URL\u003c/button\u003e\n        \u003cdiv id=\"result\"\u003e\u003c/div\u003e\n    \u003c/div\u003e\n\n    \u003cscript\u003e\n\n        async function createShortUrl() {\n            const resultDiv = document.getElementById(\"result\");\n            const url = document.getElementById(\"longUrl\").value;\n            const suffix = document.getElementById(\"suffix\").value;\n\n            if (!url.trim()) {\n                resultDiv.className = \"error\";\n                resultDiv.textContent = \"Please enter a valid URL\";\n                return;\n            }\n            let body = { url }\n            if (suffix.trim()) {\n                body.suffix = suffix\n            }\n            console.log({ body })\n\n            try {\n                resultDiv.textContent = \"Creating short URL...\";\n                const response = await fetch(\"https://s5ge7oy690.execute-api.ap-southeast-1.amazonaws.com/prod/create\", {\n                    method: \"POST\",\n                    headers: {\n                        \"Content-Type\": \"application/json\"\n                    },\n                    body: JSON.stringify(body)\n                });\n\n                const data = await response.json();\n                console.log({ data })\n                const shortUrlSuffix = data.short_url\n                \n                if (response.ok) {\n                    resultDiv.className = \"success\";\n                    const shortUrl = \"https://s5ge7oy690.execute-api.ap-southeast-1.amazonaws.com/prod\" + \"/\" + shortUrlSuffix;\n                    resultDiv.innerHTML = `\n                        \u003cstrong\u003eSuccess!\u003c/strong\u003e\u003cbr\u003e\n                        Short URL: \u003ca href=\"` + shortUrl + `\" target=\"_blank\"\u003e` + shortUrl + `\u003c/a\u003e\n                    `;\n                } else {\n                    resultDiv.className = \"error\";\n                    const errorMsg = data.error\n                    resultDiv.textContent = \"Error: \" + errorMsg;\n                }\n            } catch (error) {\n                resultDiv.className = \"error\";\n                resultDiv.textContent = \"Error: \" + error.message;\n            }\n        }\n\n        // Add enter key support\n        document.getElementById(\"longUrl\").addEventListener(\"keypress\", function(e) {\n            if (e.key === \"Enter\") {\n                createShortUrl();\n            }\n        });\n\n        document.getElementById(\"suffix\").addEventListener(\"keypress\", function(e) {\n            if (e.key === \"Enter\") {\n                createShortUrl();\n            }\n        });\n    \u003c/script\u003e\n\u003c/body\u003e\n\u003c/html\u003e",
            "content_base64": null,
            "content_disposition": "",
            "content_encoding": "",
            "content_language": "",
            "content_type": "text/html",
            "etag": "1f39fa76bb88aa2fce042ec9db7ef023",
            "force_destroy": false,
            "id": "index.html",
            "key": "index.html",
            "kms_key_id": null,
            "metadata": null,
            "object_lock_legal_hold_status": "",
            "object_lock_mode": "",
            "object_lock_retain_until_date": "",
            "override_provider": [],
            "server_side_encryption": "AES256",
            "source": null,
            "source_hash": null,
            "storage_class": "STANDARD",
            "tags": null,
            "tags_all": {},
            "version_id": "",
            "website_redirect": ""
          },
          "sensitive_attributes": [],
          "private": "bnVsbA==",
          "dependencies": [
            "aws_api_gateway_deployment.prod",
            "aws_api_gateway_integration.create",
            "aws_api_gateway_integration.create_options",
            "aws_api_gateway_integration.redirect",
            "aws_api_gateway_integration.redirect_options",
            "aws_api_gateway_method.create",
            "aws_api_gateway_method.create_options",
            "aws_api_gateway_method.redirect",
            "aws_api_gateway_method.redirect_options",
            "aws_api_gateway_resource.create",
            "aws_api_gateway_resource.redirect",
            "aws_api_gateway_rest_api.url_shortener",
            "aws_api_gateway_rest_api_policy.api_policy",
            "aws_api_gateway_stage.prod",
            "aws_dynamodb_table.url_mappings",
            "aws_iam_role.lambda_role",
            "aws_lambda_function.create_short_url",
            "aws_lambda_function.redirect_url",
            "aws_lambda_permission.create_api_gateway",
            "aws_lambda_permission.redirect_api_gateway",
            "aws_s3_bucket.url_shortener_bucket",
            "data.aws_caller_identity.current",
            "data.aws_region.current",
            "data.template_file.index_html"
          ]
        }
      ]
    },
    {
      "mode": "managed",
      "type": "aws_s3_object",
      "name": "redirect_url_zip",
      "provider": "provider[\"registry.terraform.io/hashicorp/aws\"]",
      "instances": [
        {
          "schema_version": 0,
          "attributes": {
            "acl": null,
            "arn": "arn:aws:s3:::url-shortener20250109091839172000000001/redirect_url.zip",
            "bucket": "url-shortener20250109091839172000000001",
            "bucket_key_enabled": false,
            "cache_control": "",
            "checksum_algorithm": null,
            "checksum_crc32": "",
            "checksum_crc32c": "",
            "checksum_sha1": "",
            "checksum_sha256": "",
            "content": null,
            "content_base64": null,
            "content_disposition": "",
            "content_encoding": "",
            "content_language": "",
            "content_type": "application/octet-stream",
            "etag": "9e03344a4f331a23f885dce052d59e58",
            "force_destroy": false,
            "id": "redirect_url.zip",
            "key": "redirect_url.zip",
            "kms_key_id": null,
            "metadata": null,
            "object_lock_legal_hold_status": "",
            "object_lock_mode": "",
            "object_lock_retain_until_date": "",
            "override_provider": [],
            "server_side_encryption": "AES256",
            "source": "redirect_url.zip",
            "source_hash": null,
            "storage_class": "STANDARD",
            "tags": null,
            "tags_all": {},
            "version_id": "",
            "website_redirect": ""
          },
          "sensitive_attributes": [],
          "private": "bnVsbA==",
          "dependencies": [
            "aws_s3_bucket.url_shortener_bucket"
          ]
        }
      ]
    }
  ],
  "check_results": null
}
